
Microsoft Visual Studio Solution File, Format Version 12.00
# Visual Studio Version 17
VisualStudioVersion = 17.9.34622.214
MinimumVisualStudioVersion = 10.0.40219.1
Project("{FAE04EC0-301F-11D3-BF4B-00C04F79EFBC}") = "MarketApp", "MarketApp\MarketApp.csproj", "{6127C66F-C528-4EB4-8FD2-EFAA3665BB2A}"
EndProject
Global
	GlobalSection(SolutionConfigurationPlatforms) = preSolution
		Debug|Any CPU = Debug|Any CPU
		Release|Any CPU = Release|Any CPU
	EndGlobalSection
	GlobalSection(ProjectConfigurationPlatforms) = postSolution
		{6127C66F-C528-4EB4-8FD2-EFAA3665BB2A}.Debug|Any CPU.ActiveCfg = Debug|Any CPU
		{6127C66F-C528-4EB4-8FD2-EFAA3665BB2A}.Debug|Any CPU.Build.0 = Debug|Any CPU
		{6127C66F-C528-4EB4-8FD2-EFAA3665BB2A}.Release|Any CPU.ActiveCfg = Release|Any CPU
		{6127C66F-C528-4EB4-8FD2-EFAA3665BB2A}.Release|Any CPU.Build.0 = Release|Any CPU
	EndGlobalSection
	GlobalSection(SolutionProperties) = preSolution
		HideSolutionNode = FALSE
	EndGlobalSection
	GlobalSection(ExtensibilityGlobals) = postSolution
		SolutionGuid = {5CADC2F4-2110-4313-A0D9-5C5CF57AE23A}
	EndGlobalSection
EndGlobal
